
Microsoft Visual Studio Solution File, Format Version 12.00
# Visual Studio 15
VisualStudioVersion = 15.0.26430.16
MinimumVisualStudioVersion = 10.0.40219.1
Project("{FAE04EC0-301F-11D3-BF4B-00C04F79EFBC}") = "LeBlanc_Beta_Fixed", "LeBlanc_Beta_Fixed\LeBlanc_Beta_Fixed.csproj", "{DD067A33-E389-450E-90C0-EC614F7FE5EF}"
EndProject
Global
	GlobalSection(SolutionConfigurationPlatforms) = preSolution
		Debug|Any CPU = Debug|Any CPU
		Release|Any CPU = Release|Any CPU
	EndGlobalSection
	GlobalSection(ProjectConfigurationPlatforms) = postSolution
		{DD067A33-E389-450E-90C0-EC614F7FE5EF}.Debug|Any CPU.ActiveCfg = Debug|Any CPU
		{DD067A33-E389-450E-90C0-EC614F7FE5EF}.Debug|Any CPU.Build.0 = Debug|Any CPU
		{DD067A33-E389-450E-90C0-EC614F7FE5EF}.Release|Any CPU.ActiveCfg = Release|Any CPU
		{DD067A33-E389-450E-90C0-EC614F7FE5EF}.Release|Any CPU.Build.0 = Release|Any CPU
	EndGlobalSection
	GlobalSection(SolutionProperties) = preSolution
		HideSolutionNode = FALSE
	EndGlobalSection
EndGlobal
