
Microsoft Visual Studio Solution File, Format Version 12.00
# Visual Studio 15
VisualStudioVersion = 15.0.26430.16
MinimumVisualStudioVersion = 10.0.40219.1
Project("{FAE04EC0-301F-11D3-BF4B-00C04F79EFBC}") = "Jhin_Beta_Fixed", "Jhin_Beta_Fixed\Jhin_Beta_Fixed.csproj", "{CBC0BC2A-605F-4B05-993D-19B1E72B93EE}"
EndProject
Global
	GlobalSection(SolutionConfigurationPlatforms) = preSolution
		Debug|Any CPU = Debug|Any CPU
		Release|Any CPU = Release|Any CPU
	EndGlobalSection
	GlobalSection(ProjectConfigurationPlatforms) = postSolution
		{CBC0BC2A-605F-4B05-993D-19B1E72B93EE}.Debug|Any CPU.ActiveCfg = Debug|Any CPU
		{CBC0BC2A-605F-4B05-993D-19B1E72B93EE}.Debug|Any CPU.Build.0 = Debug|Any CPU
		{CBC0BC2A-605F-4B05-993D-19B1E72B93EE}.Release|Any CPU.ActiveCfg = Release|Any CPU
		{CBC0BC2A-605F-4B05-993D-19B1E72B93EE}.Release|Any CPU.Build.0 = Release|Any CPU
	EndGlobalSection
	GlobalSection(SolutionProperties) = preSolution
		HideSolutionNode = FALSE
	EndGlobalSection
EndGlobal
