
Microsoft Visual Studio Solution File, Format Version 12.00
# Visual Studio 15
VisualStudioVersion = 15.0.26730.8
MinimumVisualStudioVersion = 10.0.40219.1
Project("{FAE04EC0-301F-11D3-BF4B-00C04F79EFBC}") = "Xerath_Beta_Fixed", "Xerath_Beta_Fixed\Xerath_Beta_Fixed.csproj", "{FD81BD4B-080E-4EC0-B5C9-07ADFF57926D}"
EndProject
Global
	GlobalSection(SolutionConfigurationPlatforms) = preSolution
		Debug|Any CPU = Debug|Any CPU
		Release|Any CPU = Release|Any CPU
	EndGlobalSection
	GlobalSection(ProjectConfigurationPlatforms) = postSolution
		{FD81BD4B-080E-4EC0-B5C9-07ADFF57926D}.Debug|Any CPU.ActiveCfg = Debug|Any CPU
		{FD81BD4B-080E-4EC0-B5C9-07ADFF57926D}.Debug|Any CPU.Build.0 = Debug|Any CPU
		{FD81BD4B-080E-4EC0-B5C9-07ADFF57926D}.Release|Any CPU.ActiveCfg = Release|Any CPU
		{FD81BD4B-080E-4EC0-B5C9-07ADFF57926D}.Release|Any CPU.Build.0 = Release|Any CPU
	EndGlobalSection
	GlobalSection(SolutionProperties) = preSolution
		HideSolutionNode = FALSE
	EndGlobalSection
	GlobalSection(ExtensibilityGlobals) = postSolution
		SolutionGuid = {AFC7AB6C-D4AE-4AEE-A1D8-9EAD218834DA}
	EndGlobalSection
EndGlobal
