
Microsoft Visual Studio Solution File, Format Version 12.00
# Visual Studio 15
VisualStudioVersion = 15.0.26430.16
MinimumVisualStudioVersion = 10.0.40219.1
Project("{FAE04EC0-301F-11D3-BF4B-00C04F79EFBC}") = "Ekko_Beta_Fixed", "Ekko_Beta_Fixed\Ekko_Beta_Fixed.csproj", "{2C3EA71F-C683-4B26-8243-2EBFFCDADCFB}"
EndProject
Global
	GlobalSection(SolutionConfigurationPlatforms) = preSolution
		Debug|Any CPU = Debug|Any CPU
		Release|Any CPU = Release|Any CPU
	EndGlobalSection
	GlobalSection(ProjectConfigurationPlatforms) = postSolution
		{2C3EA71F-C683-4B26-8243-2EBFFCDADCFB}.Debug|Any CPU.ActiveCfg = Debug|Any CPU
		{2C3EA71F-C683-4B26-8243-2EBFFCDADCFB}.Debug|Any CPU.Build.0 = Debug|Any CPU
		{2C3EA71F-C683-4B26-8243-2EBFFCDADCFB}.Release|Any CPU.ActiveCfg = Release|Any CPU
		{2C3EA71F-C683-4B26-8243-2EBFFCDADCFB}.Release|Any CPU.Build.0 = Release|Any CPU
	EndGlobalSection
	GlobalSection(SolutionProperties) = preSolution
		HideSolutionNode = FALSE
	EndGlobalSection
EndGlobal
