
Microsoft Visual Studio Solution File, Format Version 12.00
# Visual Studio 15
VisualStudioVersion = 15.0.26430.16
MinimumVisualStudioVersion = 10.0.40219.1
Project("{FAE04EC0-301F-11D3-BF4B-00C04F79EFBC}") = "Graves_Beta_Fixed", "Graves_Beta_Fixed\Graves_Beta_Fixed.csproj", "{B8CB4F03-42BD-4CF2-AE5F-CDD18F89B727}"
EndProject
Global
	GlobalSection(SolutionConfigurationPlatforms) = preSolution
		Debug|Any CPU = Debug|Any CPU
		Release|Any CPU = Release|Any CPU
	EndGlobalSection
	GlobalSection(ProjectConfigurationPlatforms) = postSolution
		{B8CB4F03-42BD-4CF2-AE5F-CDD18F89B727}.Debug|Any CPU.ActiveCfg = Debug|Any CPU
		{B8CB4F03-42BD-4CF2-AE5F-CDD18F89B727}.Debug|Any CPU.Build.0 = Debug|Any CPU
		{B8CB4F03-42BD-4CF2-AE5F-CDD18F89B727}.Release|Any CPU.ActiveCfg = Release|Any CPU
		{B8CB4F03-42BD-4CF2-AE5F-CDD18F89B727}.Release|Any CPU.Build.0 = Release|Any CPU
	EndGlobalSection
	GlobalSection(SolutionProperties) = preSolution
		HideSolutionNode = FALSE
	EndGlobalSection
EndGlobal
